{
  "requires": true,
  "lockfileVersion": 1,
  "dependencies": {
    "ngx-pagination": {
      "version": "6.0.3",
      "resolved": "https://registry.npmjs.org/ngx-pagination/-/ngx-pagination-6.0.3.tgz",
      "integrity": "sha512-lONjTQ7hFPh1SyhwDrRd5ZwM4NMGQ7bNR6vLrs6mrU0Z8Q1zCcWbf/pvyp4DOlGyd9uyZxRy2wUsSZLeIPjbAw==",
      "requires": {
        "tslib": "^2.3.0"
      }
    },
    "tslib": {
      "version": "2.6.2",
      "resolved": "https://registry.npmjs.org/tslib/-/tslib-2.6.2.tgz",
      "integrity": "sha512-AEYxH93jGFPn/a2iVAwW87VuUIkR1FVUKB77NwMF7nBTDkDrrT/Hpt/IrCJ0QXhW27jTBDcf5ZY7w6RiqTMw2Q=="
    }
  }
}
